<?xml version="1.0" encoding="utf-8"?>
<Project ToolsVersion="4.0" xmlns="http://schemas.microsoft.com/developer/msbuild/2003">
  <ItemGroup>
    <ClInclude Include="stdafx.h" />
    <ClInclude Include="targetver.h" />
    <ClInclude Include="resource.h" />
    <ClInclude Include="sha1.h" />
  </ItemGroup>
  <ItemGroup>
    <ClCompile Include="LockStatus.cpp" />
    <ClCompile Include="stdafx.cpp" />
    <ClCompile Include="sha1.cpp" />
  </ItemGroup>
  <ItemGroup>
    <ResourceCompile Include="LockStatus.rc" />
  </ItemGroup>
  <ItemGroup>
    <None Include="Resources\caps-off.ico">
      <Filter>Resources</Filter>
    </None>
    <None Include="Resources\caps-on.ico">
      <Filter>Resources</Filter>
    </None>
    <None Include="Resources\num-off.ico">
      <Filter>Resources</Filter>
    </None>
    <None Include="Resources\num-on.ico">
      <Filter>Resources</Filter>
    </None>
    <None Include="Resources\program.ico">
      <Filter>Resources</Filter>
    </None>
    <None Include="Resources\scroll-off.ico">
      <Filter>Resources</Filter>
    </None>
    <None Include="Resources\scroll-on.ico">
      <Filter>Resources</Filter>
    </None>
  </ItemGroup>
  <ItemGroup>
    <Filter Include="Resources">
      <UniqueIdentifier>{1b30b2ee-9732-4bc6-9009-3db1b6666f9b}</UniqueIdentifier>
    </Filter>
  </ItemGroup>
</Project>